// !$*UTF8*$!
{
	archiveVersion = 1;
	classes = {
	};
	objectVersion = 51;
	objects = {

/* Begin PBXBuildFile section */
		00594AC722533B45006CA687 /* AppDelegate.swift in Sources */ = {isa = PBXBuildFile; fileRef = 00594AC622533B45006CA687 /* AppDelegate.swift */; };
		00594AC922533B45006CA687 /* ViewController.swift in Sources */ = {isa = PBXBuildFile; fileRef = 00594AC822533B45006CA687 /* ViewController.swift */; };
		00594ACC22533B45006CA687 /* Main.storyboard in Resources */ = {isa = PBXBuildFile; fileRef = 00594ACA22533B45006CA687 /* Main.storyboard */; };
		00594ACE22533B47006CA687 /* Assets.xcassets in Resources */ = {isa = PBXBuildFile; fileRef = 00594ACD22533B47006CA687 /* Assets.xcassets */; };
		00594AD122533B47006CA687 /* LaunchScreen.storyboard in Resources */ = {isa = PBXBuildFile; fileRef = 00594ACF22533B47006CA687 /* LaunchScreen.storyboard */; };
		00594B3C22533E0C006CA687 /* PickerManager.swift in Sources */ = {isa = PBXBuildFile; fileRef = 00594B3322533E0B006CA687 /* PickerManager.swift */; };
		00594B4322533E0C006CA687 /* DzyImagePicker.bundle in Resources */ = {isa = PBXBuildFile; fileRef = 00594B3B22533E0C006CA687 /* DzyImagePicker.bundle */; };
		007374F22255B22B00C3D456 /* DzyImagePickerVC.swift in Sources */ = {isa = PBXBuildFile; fileRef = 007374E92255B22B00C3D456 /* DzyImagePickerVC.swift */; };
		007374F32255B22B00C3D456 /* DzyImageBrowserVC.swift in Sources */ = {isa = PBXBuildFile; fileRef = 007374EA2255B22B00C3D456 /* DzyImageBrowserVC.swift */; };
		007374F42255B22B00C3D456 /* DzyAlbumsVC.swift in Sources */ = {isa = PBXBuildFile; fileRef = 007374EB2255B22B00C3D456 /* DzyAlbumsVC.swift */; };
		007374F52255B22B00C3D456 /* TakePhotoBtn.swift in Sources */ = {isa = PBXBuildFile; fileRef = 007374EC2255B22B00C3D456 /* TakePhotoBtn.swift */; };
		007374F62255B22B00C3D456 /* ImagePickCell.swift in Sources */ = {isa = PBXBuildFile; fileRef = 007374ED2255B22B00C3D456 /* ImagePickCell.swift */; };
		007374F72255B22B00C3D456 /* AlbumsCell.swift in Sources */ = {isa = PBXBuildFile; fileRef = 007374EE2255B22B00C3D456 /* AlbumsCell.swift */; };
		007374F82255B22B00C3D456 /* FocusView.swift in Sources */ = {isa = PBXBuildFile; fileRef = 007374EF2255B22B00C3D456 /* FocusView.swift */; };
		007374F92255B22B00C3D456 /* DzyCameraVC.swift in Sources */ = {isa = PBXBuildFile; fileRef = 007374F02255B22B00C3D456 /* DzyCameraVC.swift */; };
		007374FA2255B22B00C3D456 /* CancelBtn.swift in Sources */ = {isa = PBXBuildFile; fileRef = 007374F12255B22B00C3D456 /* CancelBtn.swift */; };
		00B427AD22C058FF00C6C428 /* DzyImageShowVC.swift in Sources */ = {isa = PBXBuildFile; fileRef = 00B427AC22C058FF00C6C428 /* DzyImageShowVC.swift */; };
		00B427AF22C0610000C6C428 /* CustomBackBtnProtocol.swift in Sources */ = {isa = PBXBuildFile; fileRef = 00B427AE22C0610000C6C428 /* CustomBackBtnProtocol.swift */; };
		402E672624F4B4CC00774CE5 /* ProgressView.swift in Sources */ = {isa = PBXBuildFile; fileRef = 402E672524F4B4CC00774CE5 /* ProgressView.swift */; };
		8E9EA93292D1A42CBE52CD17 /* Pods_Example.framework in Frameworks */ = {isa = PBXBuildFile; fileRef = 2937F5BB67B2F35D2D4BA72A /* Pods_Example.framework */; };
/* End PBXBuildFile section */

/* Begin PBXFileReference section */
		00594AC322533B45006CA687 /* Example.app */ = {isa = PBXFileReference; explicitFileType = wrapper.application; includeInIndex = 0; path = Example.app; sourceTree = BUILT_PRODUCTS_DIR; };
		00594AC622533B45006CA687 /* AppDelegate.swift */ = {isa = PBXFileReference; lastKnownFileType = sourcecode.swift; path = AppDelegate.swift; sourceTree = "<group>"; };
		00594AC822533B45006CA687 /* ViewController.swift */ = {isa = PBXFileReference; lastKnownFileType = sourcecode.swift; path = ViewController.swift; sourceTree = "<group>"; };
		00594ACB22533B45006CA687 /* Base */ = {isa = PBXFileReference; lastKnownFileType = file.storyboard; name = Base; path = Base.lproj/Main.storyboard; sourceTree = "<group>"; };
		00594ACD22533B47006CA687 /* Assets.xcassets */ = {isa = PBXFileReference; lastKnownFileType = folder.assetcatalog; path = Assets.xcassets; sourceTree = "<group>"; };
		00594AD022533B47006CA687 /* Base */ = {isa = PBXFileReference; lastKnownFileType = file.storyboard; name = Base; path = Base.lproj/LaunchScreen.storyboard; sourceTree = "<group>"; };
		00594AD222533B47006CA687 /* Info.plist */ = {isa = PBXFileReference; lastKnownFileType = text.plist.xml; path = Info.plist; sourceTree = "<group>"; };
		00594B3322533E0B006CA687 /* PickerManager.swift */ = {isa = PBXFileReference; fileEncoding = 4; lastKnownFileType = sourcecode.swift; path = PickerManager.swift; sourceTree = "<group>"; };
		00594B3B22533E0C006CA687 /* DzyImagePicker.bundle */ = {isa = PBXFileReference; lastKnownFileType = "wrapper.plug-in"; path = DzyImagePicker.bundle; sourceTree = "<group>"; };
		007374E92255B22B00C3D456 /* DzyImagePickerVC.swift */ = {isa = PBXFileReference; fileEncoding = 4; lastKnownFileType = sourcecode.swift; path = DzyImagePickerVC.swift; sourceTree = "<group>"; };
		007374EA2255B22B00C3D456 /* DzyImageBrowserVC.swift */ = {isa = PBXFileReference; fileEncoding = 4; lastKnownFileType = sourcecode.swift; path = DzyImageBrowserVC.swift; sourceTree = "<group>"; };
		007374EB2255B22B00C3D456 /* DzyAlbumsVC.swift */ = {isa = PBXFileReference; fileEncoding = 4; lastKnownFileType = sourcecode.swift; path = DzyAlbumsVC.swift; sourceTree = "<group>"; };
		007374EC2255B22B00C3D456 /* TakePhotoBtn.swift */ = {isa = PBXFileReference; fileEncoding = 4; lastKnownFileType = sourcecode.swift; path = TakePhotoBtn.swift; sourceTree = "<group>"; };
		007374ED2255B22B00C3D456 /* ImagePickCell.swift */ = {isa = PBXFileReference; fileEncoding = 4; lastKnownFileType = sourcecode.swift; path = ImagePickCell.swift; sourceTree = "<group>"; };
		007374EE2255B22B00C3D456 /* AlbumsCell.swift */ = {isa = PBXFileReference; fileEncoding = 4; lastKnownFileType = sourcecode.swift; path = AlbumsCell.swift; sourceTree = "<group>"; };
		007374EF2255B22B00C3D456 /* FocusView.swift */ = {isa = PBXFileReference; fileEncoding = 4; lastKnownFileType = sourcecode.swift; path = FocusView.swift; sourceTree = "<group>"; };
		007374F02255B22B00C3D456 /* DzyCameraVC.swift */ = {isa = PBXFileReference; fileEncoding = 4; lastKnownFileType = sourcecode.swift; path = DzyCameraVC.swift; sourceTree = "<group>"; };
		007374F12255B22B00C3D456 /* CancelBtn.swift */ = {isa = PBXFileReference; fileEncoding = 4; lastKnownFileType = sourcecode.swift; path = CancelBtn.swift; sourceTree = "<group>"; };
		00B427AC22C058FF00C6C428 /* DzyImageShowVC.swift */ = {isa = PBXFileReference; lastKnownFileType = sourcecode.swift; path = DzyImageShowVC.swift; sourceTree = "<group>"; };
		00B427AE22C0610000C6C428 /* CustomBackBtnProtocol.swift */ = {isa = PBXFileReference; lastKnownFileType = sourcecode.swift; path = CustomBackBtnProtocol.swift; sourceTree = "<group>"; };
		11232D161F68188D67BE3DE2 /* Pods-Example.release.xcconfig */ = {isa = PBXFileReference; includeInIndex = 1; lastKnownFileType = text.xcconfig; name = "Pods-Example.release.xcconfig"; path = "Pods/Target Support Files/Pods-Example/Pods-Example.release.xcconfig"; sourceTree = "<group>"; };
		2937F5BB67B2F35D2D4BA72A /* Pods_Example.framework */ = {isa = PBXFileReference; explicitFileType = wrapper.framework; includeInIndex = 0; path = Pods_Example.framework; sourceTree = BUILT_PRODUCTS_DIR; };
		402E672524F4B4CC00774CE5 /* ProgressView.swift */ = {isa = PBXFileReference; lastKnownFileType = sourcecode.swift; path = ProgressView.swift; sourceTree = "<group>"; };
		F6C3FE6ADC9E41ECC951E35E /* Pods-Example.debug.xcconfig */ = {isa = PBXFileReference; includeInIndex = 1; lastKnownFileType = text.xcconfig; name = "Pods-Example.debug.xcconfig"; path = "Pods/Target Support Files/Pods-Example/Pods-Example.debug.xcconfig"; sourceTree = "<group>"; };
/* End PBXFileReference section */

/* Begin PBXFrameworksBuildPhase section */
		00594AC022533B45006CA687 /* Frameworks */ = {
			isa = PBXFrameworksBuildPhase;
			buildActionMask = 2147483647;
			files = (
				8E9EA93292D1A42CBE52CD17 /* Pods_Example.framework in Frameworks */,
			);
			runOnlyForDeploymentPostprocessing = 0;
		};
/* End PBXFrameworksBuildPhase section */

/* Begin PBXGroup section */
		00594ABA22533B45006CA687 = {
			isa = PBXGroup;
			children = (
				00594AC522533B45006CA687 /* Example */,
				00594AC422533B45006CA687 /* Products */,
				5E3D12776715FA0C8EBB498B /* Pods */,
				ED3CA9BF3C09FE23D5CAC257 /* Frameworks */,
			);
			sourceTree = "<group>";
		};
		00594AC422533B45006CA687 /* Products */ = {
			isa = PBXGroup;
			children = (
				00594AC322533B45006CA687 /* Example.app */,
			);
			name = Products;
			sourceTree = "<group>";
		};
		00594AC522533B45006CA687 /* Example */ = {
			isa = PBXGroup;
			children = (
				00594B3A22533E0C006CA687 /* Resources */,
				00594B3222533E0B006CA687 /* Source */,
				00594AC622533B45006CA687 /* AppDelegate.swift */,
				00594AC822533B45006CA687 /* ViewController.swift */,
				00594ACA22533B45006CA687 /* Main.storyboard */,
				00594ACD22533B47006CA687 /* Assets.xcassets */,
				00594ACF22533B47006CA687 /* LaunchScreen.storyboard */,
				00594AD222533B47006CA687 /* Info.plist */,
			);
			path = Example;
			sourceTree = "<group>";
		};
		00594B3222533E0B006CA687 /* Source */ = {
			isa = PBXGroup;
			children = (
				00594B3322533E0B006CA687 /* PickerManager.swift */,
				007374EB2255B22B00C3D456 /* DzyAlbumsVC.swift */,
				007374E92255B22B00C3D456 /* DzyImagePickerVC.swift */,
				007374EA2255B22B00C3D456 /* DzyImageBrowserVC.swift */,
				00B427AC22C058FF00C6C428 /* DzyImageShowVC.swift */,
				007374F02255B22B00C3D456 /* DzyCameraVC.swift */,
				007374EE2255B22B00C3D456 /* AlbumsCell.swift */,
				007374ED2255B22B00C3D456 /* ImagePickCell.swift */,
				007374EF2255B22B00C3D456 /* FocusView.swift */,
				402E672524F4B4CC00774CE5 /* ProgressView.swift */,
				007374F12255B22B00C3D456 /* CancelBtn.swift */,
				007374EC2255B22B00C3D456 /* TakePhotoBtn.swift */,
				00B427AE22C0610000C6C428 /* CustomBackBtnProtocol.swift */,
			);
			name = Source;
			path = ../../Source;
			sourceTree = "<group>";
		};
		00594B3A22533E0C006CA687 /* Resources */ = {
			isa = PBXGroup;
			children = (
				00594B3B22533E0C006CA687 /* DzyImagePicker.bundle */,
			);
			name = Resources;
			path = ../../Resources;
			sourceTree = "<group>";
		};
		5E3D12776715FA0C8EBB498B /* Pods */ = {
			isa = PBXGroup;
			children = (
				F6C3FE6ADC9E41ECC951E35E /* Pods-Example.debug.xcconfig */,
				11232D161F68188D67BE3DE2 /* Pods-Example.release.xcconfig */,
			);
			name = Pods;
			sourceTree = "<group>";
		};
		ED3CA9BF3C09FE23D5CAC257 /* Frameworks */ = {
			isa = PBXGroup;
			children = (
				2937F5BB67B2F35D2D4BA72A /* Pods_Example.framework */,
			);
			name = Frameworks;
			sourceTree = "<group>";
		};
/* End PBXGroup section */

/* Begin PBXNativeTarget section */
		00594AC222533B45006CA687 /* Example */ = {
			isa = PBXNativeTarget;
			buildConfigurationList = 00594AD522533B47006CA687 /* Build configuration list for PBXNativeTarget "Example" */;
			buildPhases = (
				5A4CB6FCF73C89FA839A3F54 /* [CP] Check Pods Manifest.lock */,
				00594ABF22533B45006CA687 /* Sources */,
				00594AC022533B45006CA687 /* Frameworks */,
				00594AC122533B45006CA687 /* Resources */,
				FEF1D6F820C7EF610E65A5F9 /* [CP] Embed Pods Frameworks */,
			);
			buildRules = (
			);
			dependencies = (
			);
			name = Example;
			productName = Example;
			productReference = 00594AC322533B45006CA687 /* Example.app */;
			productType = "com.apple.product-type.application";
		};
/* End PBXNativeTarget section */

/* Begin PBXProject section */
		00594ABB22533B45006CA687 /* Project object */ = {
			isa = PBXProject;
			attributes = {
				LastSwiftUpdateCheck = 1020;
				LastUpgradeCheck = 1020;
				ORGANIZATIONNAME = "灰s";
				TargetAttributes = {
					00594AC222533B45006CA687 = {
						CreatedOnToolsVersion = 10.2;
					};
				};
			};
			buildConfigurationList = 00594ABE22533B45006CA687 /* Build configuration list for PBXProject "Example" */;
			compatibilityVersion = "Xcode 9.3";
			developmentRegion = en;
			hasScannedForEncodings = 0;
			knownRegions = (
				en,
				Base,
			);
			mainGroup = 00594ABA22533B45006CA687;
			productRefGroup = 00594AC422533B45006CA687 /* Products */;
			projectDirPath = "";
			projectRoot = "";
			targets = (
				00594AC222533B45006CA687 /* Example */,
			);
		};
/* End PBXProject section */

/* Begin PBXResourcesBuildPhase section */
		00594AC122533B45006CA687 /* Resources */ = {
			isa = PBXResourcesBuildPhase;
			buildActionMask = 2147483647;
			files = (
				00594AD122533B47006CA687 /* LaunchScreen.storyboard in Resources */,
				00594B4322533E0C006CA687 /* DzyImagePicker.bundle in Resources */,
				00594ACE22533B47006CA687 /* Assets.xcassets in Resources */,
				00594ACC22533B45006CA687 /* Main.storyboard in Resources */,
			);
			runOnlyForDeploymentPostprocessing = 0;
		};
/* End PBXResourcesBuildPhase section */

/* Begin PBXShellScriptBuildPhase section */
		5A4CB6FCF73C89FA839A3F54 /* [CP] Check Pods Manifest.lock */ = {
			isa = PBXShellScriptBuildPhase;
			buildActionMask = 2147483647;
			files = (
			);
			inputFileListPaths = (
			);
			inputPaths = (
				"${PODS_PODFILE_DIR_PATH}/Podfile.lock",
				"${PODS_ROOT}/Manifest.lock",
			);
			name = "[CP] Check Pods Manifest.lock";
			outputFileListPaths = (
			);
			outputPaths = (
				"$(DERIVED_FILE_DIR)/Pods-Example-checkManifestLockResult.txt",
			);
			runOnlyForDeploymentPostprocessing = 0;
			shellPath = /bin/sh;
			shellScript = "diff \"${PODS_PODFILE_DIR_PATH}/Podfile.lock\" \"${PODS_ROOT}/Manifest.lock\" > /dev/null\nif [ $? != 0 ] ; then\n    # print error to STDERR\n    echo \"error: The sandbox is not in sync with the Podfile.lock. Run 'pod install' or update your CocoaPods installation.\" >&2\n    exit 1\nfi\n# This output is used by Xcode 'outputs' to avoid re-running this script phase.\necho \"SUCCESS\" > \"${SCRIPT_OUTPUT_FILE_0}\"\n";
			showEnvVarsInLog = 0;
		};
		FEF1D6F820C7EF610E65A5F9 /* [CP] Embed Pods Frameworks */ = {
			isa = PBXShellScriptBuildPhase;
			buildActionMask = 2147483647;
			files = (
			);
			inputFileListPaths = (
				"${PODS_ROOT}/Target Support Files/Pods-Example/Pods-Example-frameworks-${CONFIGURATION}-input-files.xcfilelist",
			);
			name = "[CP] Embed Pods Frameworks";
			outputFileListPaths = (
				"${PODS_ROOT}/Target Support Files/Pods-Example/Pods-Example-frameworks-${CONFIGURATION}-output-files.xcfilelist",
			);
			runOnlyForDeploymentPostprocessing = 0;
			shellPath = /bin/sh;
			shellScript = "\"${PODS_ROOT}/Target Support Files/Pods-Example/Pods-Example-frameworks.sh\"\n";
			showEnvVarsInLog = 0;
		};
/* End PBXShellScriptBuildPhase section */

/* Begin PBXSourcesBuildPhase section */
		00594ABF22533B45006CA687 /* Sources */ = {
			isa = PBXSourcesBuildPhase;
			buildActionMask = 2147483647;
			files = (
				00B427AD22C058FF00C6C428 /* DzyImageShowVC.swift in Sources */,
				007374F62255B22B00C3D456 /* ImagePickCell.swift in Sources */,
				402E672624F4B4CC00774CE5 /* ProgressView.swift in Sources */,
				007374F52255B22B00C3D456 /* TakePhotoBtn.swift in Sources */,
				00594AC922533B45006CA687 /* ViewController.swift in Sources */,
				007374F32255B22B00C3D456 /* DzyImageBrowserVC.swift in Sources */,
				007374F42255B22B00C3D456 /* DzyAlbumsVC.swift in Sources */,
				00B427AF22C0610000C6C428 /* CustomBackBtnProtocol.swift in Sources */,
				007374F72255B22B00C3D456 /* AlbumsCell.swift in Sources */,
				00594AC722533B45006CA687 /* AppDelegate.swift in Sources */,
				007374F22255B22B00C3D456 /* DzyImagePickerVC.swift in Sources */,
				007374FA2255B22B00C3D456 /* CancelBtn.swift in Sources */,
				00594B3C22533E0C006CA687 /* PickerManager.swift in Sources */,
				007374F82255B22B00C3D456 /* FocusView.swift in Sources */,
				007374F92255B22B00C3D456 /* DzyCameraVC.swift in Sources */,
			);
			runOnlyForDeploymentPostprocessing = 0;
		};
/* End PBXSourcesBuildPhase section */

/* Begin PBXVariantGroup section */
		00594ACA22533B45006CA687 /* Main.storyboard */ = {
			isa = PBXVariantGroup;
			children = (
				00594ACB22533B45006CA687 /* Base */,
			);
			name = Main.storyboard;
			sourceTree = "<group>";
		};
		00594ACF22533B47006CA687 /* LaunchScreen.storyboard */ = {
			isa = PBXVariantGroup;
			children = (
				00594AD022533B47006CA687 /* Base */,
			);
			name = LaunchScreen.storyboard;
			sourceTree = "<group>";
		};
/* End PBXVariantGroup section */

/* Begin XCBuildConfiguration section */
		00594AD322533B47006CA687 /* Debug */ = {
			isa = XCBuildConfiguration;
			buildSettings = {
				ALWAYS_SEARCH_USER_PATHS = NO;
				CLANG_ANALYZER_NONNULL = YES;
				CLANG_ANALYZER_NUMBER_OBJECT_CONVERSION = YES_AGGRESSIVE;
				CLANG_CXX_LANGUAGE_STANDARD = "gnu++14";
				CLANG_CXX_LIBRARY = "libc++";
				CLANG_ENABLE_MODULES = YES;
				CLANG_ENABLE_OBJC_ARC = YES;
				CLANG_ENABLE_OBJC_WEAK = YES;
				CLANG_WARN_BLOCK_CAPTURE_AUTORELEASING = YES;
				CLANG_WARN_BOOL_CONVERSION = YES;
				CLANG_WARN_COMMA = YES;
				CLANG_WARN_CONSTANT_CONVERSION = YES;
				CLANG_WARN_DEPRECATED_OBJC_IMPLEMENTATIONS = YES;
				CLANG_WARN_DIRECT_OBJC_ISA_USAGE = YES_ERROR;
				CLANG_WARN_DOCUMENTATION_COMMENTS = YES;
				CLANG_WARN_EMPTY_BODY = YES;
				CLANG_WARN_ENUM_CONVERSION = YES;
				CLANG_WARN_INFINITE_RECURSION = YES;
				CLANG_WARN_INT_CONVERSION = YES;
				CLANG_WARN_NON_LITERAL_NULL_CONVERSION = YES;
				CLANG_WARN_OBJC_IMPLICIT_RETAIN_SELF = YES;
				CLANG_WARN_OBJC_LITERAL_CONVERSION = YES;
				CLANG_WARN_OBJC_ROOT_CLASS = YES_ERROR;
				CLANG_WARN_RANGE_LOOP_ANALYSIS = YES;
				CLANG_WARN_STRICT_PROTOTYPES = YES;
				CLANG_WARN_SUSPICIOUS_MOVE = YES;
				CLANG_WARN_UNGUARDED_AVAILABILITY = YES_AGGRESSIVE;
				CLANG_WARN_UNREACHABLE_CODE = YES;
				CLANG_WARN__DUPLICATE_METHOD_MATCH = YES;
				CODE_SIGN_IDENTITY = "iPhone Developer";
				COPY_PHASE_STRIP = NO;
				DEBUG_INFORMATION_FORMAT = dwarf;
				ENABLE_STRICT_OBJC_MSGSEND = YES;
				ENABLE_TESTABILITY = YES;
				GCC_C_LANGUAGE_STANDARD = gnu11;
				GCC_DYNAMIC_NO_PIC = NO;
				GCC_NO_COMMON_BLOCKS = YES;
				GCC_OPTIMIZATION_LEVEL = 0;
				GCC_PREPROCESSOR_DEFINITIONS = (
					"DEBUG=1",
					"$(inherited)",
				);
				GCC_WARN_64_TO_32_BIT_CONVERSION = YES;
				GCC_WARN_ABOUT_RETURN_TYPE = YES_ERROR;
				GCC_WARN_UNDECLARED_SELECTOR = YES;
				GCC_WARN_UNINITIALIZED_AUTOS = YES_AGGRESSIVE;
				GCC_WARN_UNUSED_FUNCTION = YES;
				GCC_WARN_UNUSED_VARIABLE = YES;
				IPHONEOS_DEPLOYMENT_TARGET = 12.2;
				MTL_ENABLE_DEBUG_INFO = INCLUDE_SOURCE;
				MTL_FAST_MATH = YES;
				ONLY_ACTIVE_ARCH = YES;
				SDKROOT = iphoneos;
				SWIFT_ACTIVE_COMPILATION_CONDITIONS = DEBUG;
				SWIFT_OPTIMIZATION_LEVEL = "-Onone";
			};
			name = Debug;
		};
		00594AD422533B47006CA687 /* Release */ = {
			isa = XCBuildConfiguration;
			buildSettings = {
				ALWAYS_SEARCH_USER_PATHS = NO;
				CLANG_ANALYZER_NONNULL = YES;
				CLANG_ANALYZER_NUMBER_OBJECT_CONVERSION = YES_AGGRESSIVE;
				CLANG_CXX_LANGUAGE_STANDARD = "gnu++14";
				CLANG_CXX_LIBRARY = "libc++";
				CLANG_ENABLE_MODULES = YES;
				CLANG_ENABLE_OBJC_ARC = YES;
				CLANG_ENABLE_OBJC_WEAK = YES;
				CLANG_WARN_BLOCK_CAPTURE_AUTORELEASING = YES;
				CLANG_WARN_BOOL_CONVERSION = YES;
				CLANG_WARN_COMMA = YES;
				CLANG_WARN_CONSTANT_CONVERSION = YES;
				CLANG_WARN_DEPRECATED_OBJC_IMPLEMENTATIONS = YES;
				CLANG_WARN_DIRECT_OBJC_ISA_USAGE = YES_ERROR;
				CLANG_WARN_DOCUMENTATION_COMMENTS = YES;
				CLANG_WARN_EMPTY_BODY = YES;
				CLANG_WARN_ENUM_CONVERSION = YES;
				CLANG_WARN_INFINITE_RECURSION = YES;
				CLANG_WARN_INT_CONVERSION = YES;
				CLANG_WARN_NON_LITERAL_NULL_CONVERSION = YES;
				CLANG_WARN_OBJC_IMPLICIT_RETAIN_SELF = YES;
				CLANG_WARN_OBJC_LITERAL_CONVERSION = YES;
				CLANG_WARN_OBJC_ROOT_CLASS = YES_ERROR;
				CLANG_WARN_RANGE_LOOP_ANALYSIS = YES;
				CLANG_WARN_STRICT_PROTOTYPES = YES;
				CLANG_WARN_SUSPICIOUS_MOVE = YES;
				CLANG_WARN_UNGUARDED_AVAILABILITY = YES_AGGRESSIVE;
				CLANG_WARN_UNREACHABLE_CODE = YES;
				CLANG_WARN__DUPLICATE_METHOD_MATCH = YES;
				CODE_SIGN_IDENTITY = "iPhone Developer";
				COPY_PHASE_STRIP = NO;
				DEBUG_INFORMATION_FORMAT = "dwarf-with-dsym";
				ENABLE_NS_ASSERTIONS = NO;
				ENABLE_STRICT_OBJC_MSGSEND = YES;
				GCC_C_LANGUAGE_STANDARD = gnu11;
				GCC_NO_COMMON_BLOCKS = YES;
				GCC_WARN_64_TO_32_BIT_CONVERSION = YES;
				GCC_WARN_ABOUT_RETURN_TYPE = YES_ERROR;
				GCC_WARN_UNDECLARED_SELECTOR = YES;
				GCC_WARN_UNINITIALIZED_AUTOS = YES_AGGRESSIVE;
				GCC_WARN_UNUSED_FUNCTION = YES;
				GCC_WARN_UNUSED_VARIABLE = YES;
				IPHONEOS_DEPLOYMENT_TARGET = 12.2;
				MTL_ENABLE_DEBUG_INFO = NO;
				MTL_FAST_MATH = YES;
				SDKROOT = iphoneos;
				SWIFT_COMPILATION_MODE = wholemodule;
				SWIFT_OPTIMIZATION_LEVEL = "-O";
				VALIDATE_PRODUCT = YES;
			};
			name = Release;
		};
		00594AD622533B47006CA687 /* Debug */ = {
			isa = XCBuildConfiguration;
			baseConfigurationReference = F6C3FE6ADC9E41ECC951E35E /* Pods-Example.debug.xcconfig */;
			buildSettings = {
				ASSETCATALOG_COMPILER_APPICON_NAME = AppIcon;
				CODE_SIGN_STYLE = Automatic;
				DEVELOPMENT_TEAM = 772S5TN7PR;
				INFOPLIST_FILE = Example/Info.plist;
				IPHONEOS_DEPLOYMENT_TARGET = 10.0;
				LD_RUNPATH_SEARCH_PATHS = (
					"$(inherited)",
					"@executable_path/Frameworks",
				);
				PRODUCT_BUNDLE_IDENTIFIER = dzy.imagePicker.Example;
				PRODUCT_NAME = "$(TARGET_NAME)";
				SWIFT_VERSION = 5.0;
				TARGETED_DEVICE_FAMILY = "1,2";
			};
			name = Debug;
		};
		00594AD722533B47006CA687 /* Release */ = {
			isa = XCBuildConfiguration;
			baseConfigurationReference = 11232D161F68188D67BE3DE2 /* Pods-Example.release.xcconfig */;
			buildSettings = {
				ASSETCATALOG_COMPILER_APPICON_NAME = AppIcon;
				CODE_SIGN_STYLE = Automatic;
				DEVELOPMENT_TEAM = 772S5TN7PR;
				INFOPLIST_FILE = Example/Info.plist;
				IPHONEOS_DEPLOYMENT_TARGET = 10.0;
				LD_RUNPATH_SEARCH_PATHS = (
					"$(inherited)",
					"@executable_path/Frameworks",
				);
				PRODUCT_BUNDLE_IDENTIFIER = dzy.imagePicker.Example;
				PRODUCT_NAME = "$(TARGET_NAME)";
				SWIFT_VERSION = 5.0;
				TARGETED_DEVICE_FAMILY = "1,2";
			};
			name = Release;
		};
/* End XCBuildConfiguration section */

/* Begin XCConfigurationList section */
		00594ABE22533B45006CA687 /* Build configuration list for PBXProject "Example" */ = {
			isa = XCConfigurationList;
			buildConfigurations = (
				00594AD322533B47006CA687 /* Debug */,
				00594AD422533B47006CA687 /* Release */,
			);
			defaultConfigurationIsVisible = 0;
			defaultConfigurationName = Release;
		};
		00594AD522533B47006CA687 /* Build configuration list for PBXNativeTarget "Example" */ = {
			isa = XCConfigurationList;
			buildConfigurations = (
				00594AD622533B47006CA687 /* Debug */,
				00594AD722533B47006CA687 /* Release */,
			);
			defaultConfigurationIsVisible = 0;
			defaultConfigurationName = Release;
		};
/* End XCConfigurationList section */
	};
	rootObject = 00594ABB22533B45006CA687 /* Project object */;
}
